
Microsoft Visual Studio Solution File, Format Version 12.00
# Visual Studio Version 17
VisualStudioVersion = 17.0.31903.59
MinimumVisualStudioVersion = 10.0.40219.1
Project("{FAE04EC0-301F-11D3-BF4B-00C04F79EFBC}") = "lesson2", "lesson2.csproj", "{3E0015F6-CA4D-44B8-BFF8-6ABB2D172704}"
EndProject
Global
	GlobalSection(SolutionConfigurationPlatforms) = preSolution
		Debug|Any CPU = Debug|Any CPU
		Release|Any CPU = Release|Any CPU
	EndGlobalSection
	GlobalSection(ProjectConfigurationPlatforms) = postSolution
		{3E0015F6-CA4D-44B8-BFF8-6ABB2D172704}.Debug|Any CPU.ActiveCfg = Debug|Any CPU
		{3E0015F6-CA4D-44B8-BFF8-6ABB2D172704}.Debug|Any CPU.Build.0 = Debug|Any CPU
		{3E0015F6-CA4D-44B8-BFF8-6ABB2D172704}.Release|Any CPU.ActiveCfg = Release|Any CPU
		{3E0015F6-CA4D-44B8-BFF8-6ABB2D172704}.Release|Any CPU.Build.0 = Release|Any CPU
	EndGlobalSection
	GlobalSection(SolutionProperties) = preSolution
		HideSolutionNode = FALSE
	EndGlobalSection
	GlobalSection(ExtensibilityGlobals) = postSolution
		SolutionGuid = {20A2716A-D35E-4DAC-A04D-6847F47390DD}
	EndGlobalSection
EndGlobal
